{
  "name": "4.6",
  "lockfileVersion": 2,
  "requires": true,
  "packages": {
    "": {
      "dependencies": {
        "types-registry": "^0.1.589"
      }
    },
    "node_modules/types-registry": {
      "version": "0.1.589",
      "resolved": "https://registry.npmjs.org/types-registry/-/types-registry-0.1.589.tgz",
      "integrity": "sha512-M4Rl6vVNgqlifmDPJqIeiEyRPRRk5IrfBZxNDgleMC4WaUXavtSPCZAM3zPLfNklSh6zlUCvL9oip+fT+pOyxw=="
    }
  },
  "dependencies": {
    "types-registry": {
      "version": "0.1.589",
      "resolved": "https://registry.npmjs.org/types-registry/-/types-registry-0.1.589.tgz",
      "integrity": "sha512-M4Rl6vVNgqlifmDPJqIeiEyRPRRk5IrfBZxNDgleMC4WaUXavtSPCZAM3zPLfNklSh6zlUCvL9oip+fT+pOyxw=="
    }
  }
}
